{
  "name": "@deboertool/vo-unit",
  "version": "0.0.1",
  "lockfileVersion": 1,
  "requires": true,
  "dependencies": {
    "@deboertool/value-object-interface": {
      "version": "0.0.2",
      "resolved": "https://registry.npmjs.org/@deboertool/value-object-interface/-/value-object-interface-0.0.2.tgz",
      "integrity": "sha512-0nE4PAOPcSLyL20Vlzvi/+ZibiFX6eeQJ2rmTV/aU+QMhS79x7ATyZirOH4vIPR6juYOxvZ54KAkPUQtNByqwA=="
    }
  }
}
